
Microsoft Visual Studio Solution File, Format Version 12.00
# Visual Studio Version 16
VisualStudioVersion = 16.0.30621.155
MinimumVisualStudioVersion = 10.0.40219.1
Project("{FAE04EC0-301F-11D3-BF4B-00C04F79EFBC}") = "BobTheBuilderCalculatorMVC.Web", "BobTheBuilderCalculatorMVC.Web\BobTheBuilderCalculatorMVC.Web.csproj", "{F17BBB9E-8ED2-4687-9809-F6F849A8663C}"
EndProject
Global
	GlobalSection(SolutionConfigurationPlatforms) = preSolution
		Debug|Any CPU = Debug|Any CPU
		Release|Any CPU = Release|Any CPU
	EndGlobalSection
	GlobalSection(ProjectConfigurationPlatforms) = postSolution
		{F17BBB9E-8ED2-4687-9809-F6F849A8663C}.Debug|Any CPU.ActiveCfg = Debug|Any CPU
		{F17BBB9E-8ED2-4687-9809-F6F849A8663C}.Debug|Any CPU.Build.0 = Debug|Any CPU
		{F17BBB9E-8ED2-4687-9809-F6F849A8663C}.Release|Any CPU.ActiveCfg = Release|Any CPU
		{F17BBB9E-8ED2-4687-9809-F6F849A8663C}.Release|Any CPU.Build.0 = Release|Any CPU
	EndGlobalSection
	GlobalSection(SolutionProperties) = preSolution
		HideSolutionNode = FALSE
	EndGlobalSection
	GlobalSection(ExtensibilityGlobals) = postSolution
		SolutionGuid = {1B3F53F9-1312-4F3C-A9A7-4E36EAF10A97}
	EndGlobalSection
EndGlobal
